{"1.1.0",
[{<<"apns_erl_util">>,
  {git,"https://github.com/SilentCircle/apns_erl_util.git",
       {ref,"76668788f2e568461fd67a1bfda0dc0f7d5e9f97"}},
  1},
 {<<"apns_erlv3">>,
  {git,"https://github.com/SilentCircle/apns_erlv3.git",
       {ref,"b383d44e54bf0b06dc809cc972328cff4603abc7"}},
  0},
 {<<"chatterbox">>,
  {git,"https://github.com/SilentCircle/chatterbox.git",
       {ref,"747baae55b5d7a9958779d0ebf9ae85f83e57130"}},
  1},
 {<<"edown">>,
  {git,"https://github.com/uwiger/edown.git",
       {ref,"754be25f71a04099c83f3ffdff268e70beeb0021"}},
  1},
 {<<"epgsql">>,
  {git,"https://github.com/epgsql/epgsql.git",
       {ref,"7447cd51af73b4ff7947237a4be0a58ece34feb2"}},
  1},
 {<<"gcm_erl">>,
  {git,"https://github.com/SilentCircle/gcm_erl.git",
       {ref,"082d3c27b3c953030a0de2d94d168979aa745efd"}},
  0},
 {<<"goldrush">>,
  {git,"git://github.com/DeadZen/goldrush.git",
       {ref,"212299233c7e7eb63a97be2777e1c05ebaa58dbe"}},
  2},
 {<<"hpack">>,{pkg,<<"hpack_erl">>,<<"0.2.3">>},2},
 {<<"jsone">>,{pkg,<<"jsone">>,<<"1.2.3">>},1},
 {<<"jsx">>,
  {git,"https://github.com/talentdeficit/jsx.git",
       {ref,"3074d4865b3385a050badf7828ad31490d860df5"}},
  1},
 {<<"lager">>,
  {git,"https://github.com/basho/lager.git",
       {ref,"8187757388c9adc915379caaab36a2f2ca26e944"}},
  1},
 {<<"mochiweb">>,
  {git,"git://github.com/basho/mochiweb.git",
       {ref,"ade2a9b29a11034eb550c1d79b4f991bf5ca05ba"}},
  1},
 {<<"parse_trans">>,
  {git,"https://github.com/uwiger/parse_trans.git",
       {ref,"6f3645afb43c7c57d61b54ef59aecab288ce1013"}},
  2},
 {<<"poolboy">>,
  {git,"https://github.com/devinus/poolboy.git",
       {ref,"d378f996182daa6251ad5438cee4d3f6eb7ea50f"}},
  1},
 {<<"quickrand">>,
  {git,"https://github.com/okeuday/quickrand.git",
       {ref,"559e5e3f28bb2bf51acbc38f1c47b12c10094117"}},
  2},
 {<<"raven_erlang">>,
  {git,"https://github.com/SilentCircle/raven-erlang.git",
       {ref,"c92edca92b7bfe337be1bf10b64354119b0d0372"}},
  0},
 {<<"sc_push">>,
  {git,"https://github.com/SilentCircle/sc_push.git",
       {ref,"fbf455524a5a2b67e45ed988116c06983125fa71"}},
  0},
 {<<"sc_push_lib">>,
  {git,"https://github.com/SilentCircle/sc_push_lib.git",
       {ref,"50099687fe16e4916a6083f3c01baf59b3d71010"}},
  0},
 {<<"sc_util">>,
  {git,"https://github.com/SilentCircle/sc_util.git",
       {ref,"7a0a7579e8b9ceed387364d5376123d95f252ec0"}},
  1},
 {<<"uuid">>,
  {git,"https://github.com/okeuday/uuid.git",
       {ref,"06eca0bd373e97f5d7eda4f8df0621d3903754ef"}},
  1},
 {<<"webmachine">>,
  {git,"https://github.com/SilentCircle/webmachine.git",
       {ref,"06a880f576692d2a07dfd73b6db189b2cb93fbdb"}},
  0}]}.
[
{pkg_hash,[
 {<<"hpack">>, <<"17670F83FF984AE6CD74B1C456EDDE906D27FF013740EE4D9EFAA4F1BF999633">>},
 {<<"jsone">>, <<"D2E9979326BDAACF50AB0E52C80F53D74CDED93D1AE21FABCF66346238CC0322">>}]}
].
