{"1.1.0",
[{<<"apns_erl">>,
  {git,"https://github.com/SilentCircle/apns_erl.git",
       {ref,"5c5394fe44692e7bbe3c8c26844e118417d94256"}},
  0},
 {<<"apns_erl_util">>,
  {git,"https://github.com/SilentCircle/apns_erl_util.git",
       {ref,"a490189e221e5bd76f6f9028ba3254ae9b05abd0"}},
  0},
 {<<"apns_erlv3">>,
  {git,"https://github.com/SilentCircle/apns_erlv3.git",
       {ref,"6f09aa6a3e4ad8479c2a101eb61f554a7e4679a0"}},
  0},
 {<<"chatterbox">>,
  {git,"https://github.com/joedevivo/chatterbox.git",
       {ref,"d59b541cdc8d4e27cb4958769ef65ac345ab9e25"}},
  0},
 {<<"edown">>,
  {git,"https://github.com/uwiger/edown.git",
       {ref,"754be25f71a04099c83f3ffdff268e70beeb0021"}},
  0},
 {<<"gcm_erl">>,
  {git,"https://github.com/SilentCircle/gcm_erl.git",
       {ref,"5bbe4eedf52c1178e8b18d5f0acff6500846ec8e"}},
  0},
 {<<"goldrush">>,
  {git,"https://github.com/DeadZen/goldrush.git",
       {ref,"212299233c7e7eb63a97be2777e1c05ebaa58dbe"}},
  0},
 {<<"hpack">>,
  {git,"https://github.com/joedevivo/hpack.git",
       {ref,"2880ff4e88df18a31728893afc6746dcab1acf79"}},
  0},
 {<<"jsone">>,{pkg,<<"jsone">>,<<"1.2.3">>},1},
 {<<"jsx">>,
  {git,"https://github.com/talentdeficit/jsx.git",
       {ref,"3074d4865b3385a050badf7828ad31490d860df5"}},
  0},
 {<<"lager">>,
  {git,"https://github.com/basho/lager.git",
       {ref,"8187757388c9adc915379caaab36a2f2ca26e944"}},
  0},
 {<<"mochiweb">>,
  {git,"https://github.com/basho/mochiweb.git",
       {ref,"ade2a9b29a11034eb550c1d79b4f991bf5ca05ba"}},
  0},
 {<<"parse_trans">>,
  {git,"https://github.com/uwiger/parse_trans.git",
       {ref,"6f3645afb43c7c57d61b54ef59aecab288ce1013"}},
  0},
 {<<"quickrand">>,
  {git,"https://github.com/okeuday/quickrand.git",
       {ref,"559e5e3f28bb2bf51acbc38f1c47b12c10094117"}},
  0},
 {<<"raven">>,
  {git,"https://github.com/artemeff/raven-erlang.git",
       {ref,"559da22fdb704d224d24f01a0da916a75e683d71"}},
  0},
 {<<"raven_erlang">>,
  {git,"https://github.com/artemeff/raven-erlang.git",
       {ref,"559da22fdb704d224d24f01a0da916a75e683d71"}},
  0},
 {<<"sc_push">>,
  {git,"https://github.com/SilentCircle/sc_push.git",
       {ref,"f955c47a028ce85033a222a52e67e405841b21f8"}},
  0},
 {<<"sc_push_lib">>,
  {git,"https://github.com/SilentCircle/sc_push_lib.git",
       {ref,"f723967d1d647aa2a03e1bc6bccae08ba26008c3"}},
  0},
 {<<"sc_util">>,
  {git,"https://github.com/SilentCircle/sc_util.git",
       {ref,"7a0a7579e8b9ceed387364d5376123d95f252ec0"}},
  0},
 {<<"uuid">>,
  {git,"https://github.com/okeuday/uuid.git",
       {ref,"06eca0bd373e97f5d7eda4f8df0621d3903754ef"}},
  0},
 {<<"webmachine">>,
  {git,"https://github.com/webmachine/webmachine.git",
       {ref,"06a880f576692d2a07dfd73b6db189b2cb93fbdb"}},
  0}]}.
[
{pkg_hash,[
 {<<"jsone">>, <<"D2E9979326BDAACF50AB0E52C80F53D74CDED93D1AE21FABCF66346238CC0322">>}]}
].
