{"1.1.0",
[{<<"apns_erl">>,
  {git,"https://github.com/SilentCircle/apns_erl.git",
       {ref,"5c5394fe44692e7bbe3c8c26844e118417d94256"}},
  0},
 {<<"apns_erl_util">>,
  {git,"https://github.com/SilentCircle/apns_erl_util.git",
       {ref,"76668788f2e568461fd67a1bfda0dc0f7d5e9f97"}},
  0},
 {<<"apns_erlv3">>,
  {git,"https://github.com/SilentCircle/apns_erlv3.git",
       {ref,"b78094feba172c744f090c881b27044a5ddc2481"}},
  0},
 {<<"chatterbox">>,
  {git,"https://github.com/SilentCircle/chatterbox.git",
       {ref,"b035b14342e6c58bf7695612e3749473244f63c7"}},
  0},
 {<<"edown">>,
  {git,"https://github.com/uwiger/edown.git",
       {ref,"754be25f71a04099c83f3ffdff268e70beeb0021"}},
  0},
 {<<"gcm_erl">>,
  {git,"https://github.com/SilentCircle/gcm_erl.git",
       {ref,"6021d298013b9fd70c5d5ac6907abaa38305f36f"}},
  0},
 {<<"goldrush">>,
  {git,"https://github.com/DeadZen/goldrush.git",
       {ref,"212299233c7e7eb63a97be2777e1c05ebaa58dbe"}},
  0},
 {<<"hpack">>,
  {git,"https://github.com/joedevivo/hpack.git",
       {ref,"2880ff4e88df18a31728893afc6746dcab1acf79"}},
  0},
 {<<"jsone">>,{pkg,<<"jsone">>,<<"1.2.3">>},1},
 {<<"jsx">>,
  {git,"https://github.com/talentdeficit/jsx.git",
       {ref,"3074d4865b3385a050badf7828ad31490d860df5"}},
  0},
 {<<"lager">>,
  {git,"https://github.com/basho/lager.git",
       {ref,"8187757388c9adc915379caaab36a2f2ca26e944"}},
  0},
 {<<"mochiweb">>,
  {git,"https://github.com/basho/mochiweb.git",
       {ref,"ade2a9b29a11034eb550c1d79b4f991bf5ca05ba"}},
  0},
 {<<"parse_trans">>,
  {git,"https://github.com/uwiger/parse_trans.git",
       {ref,"6f3645afb43c7c57d61b54ef59aecab288ce1013"}},
  0},
 {<<"quickrand">>,
  {git,"https://github.com/okeuday/quickrand.git",
       {ref,"559e5e3f28bb2bf51acbc38f1c47b12c10094117"}},
  0},
 {<<"raven_erlang">>,
  {git,"https://github.com/SilentCircle/raven-erlang.git",
       {ref,"c92edca92b7bfe337be1bf10b64354119b0d0372"}},
  0},
 {<<"sc_push">>,
  {git,"https://github.com/SilentCircle/sc_push.git",
       {ref,"3169e33a508296b506e13876dbe361df7934a67a"}},
  0},
 {<<"sc_push_lib">>,
  {git,"https://github.com/SilentCircle/sc_push_lib.git",
       {ref,"1b45b2e83c1adff3e73d643824b1783ca5fea830"}},
  0},
 {<<"sc_util">>,
  {git,"https://github.com/SilentCircle/sc_util.git",
       {ref,"7a0a7579e8b9ceed387364d5376123d95f252ec0"}},
  0},
 {<<"uuid">>,
  {git,"https://github.com/okeuday/uuid.git",
       {ref,"06eca0bd373e97f5d7eda4f8df0621d3903754ef"}},
  0},
 {<<"webmachine">>,
  {git,"https://github.com/webmachine/webmachine.git",
       {ref,"06a880f576692d2a07dfd73b6db189b2cb93fbdb"}},
  0}]}.
[
{pkg_hash,[
 {<<"jsone">>, <<"D2E9979326BDAACF50AB0E52C80F53D74CDED93D1AE21FABCF66346238CC0322">>}]}
].
